
Microsoft Visual Studio Solution File, Format Version 12.00
# Visual Studio 15
VisualStudioVersion = 15.0.28010.0
MinimumVisualStudioVersion = 10.0.40219.1
Project("{FAE04EC0-301F-11D3-BF4B-00C04F79EFBC}") = "Programa de Arboles", "Programa de Arboles\Programa de Arboles.csproj", "{B96E1B09-1C6C-4A0B-85C5-B267024E2790}"
EndProject
Global
	GlobalSection(SolutionConfigurationPlatforms) = preSolution
		Debug|Any CPU = Debug|Any CPU
		Release|Any CPU = Release|Any CPU
	EndGlobalSection
	GlobalSection(ProjectConfigurationPlatforms) = postSolution
		{B96E1B09-1C6C-4A0B-85C5-B267024E2790}.Debug|Any CPU.ActiveCfg = Debug|Any CPU
		{B96E1B09-1C6C-4A0B-85C5-B267024E2790}.Debug|Any CPU.Build.0 = Debug|Any CPU
		{B96E1B09-1C6C-4A0B-85C5-B267024E2790}.Release|Any CPU.ActiveCfg = Release|Any CPU
		{B96E1B09-1C6C-4A0B-85C5-B267024E2790}.Release|Any CPU.Build.0 = Release|Any CPU
	EndGlobalSection
	GlobalSection(SolutionProperties) = preSolution
		HideSolutionNode = FALSE
	EndGlobalSection
	GlobalSection(ExtensibilityGlobals) = postSolution
		SolutionGuid = {D9DE176F-4244-4962-ABD2-00A95603BB7E}
	EndGlobalSection
EndGlobal
